// !$*UTF8*$!
{
	archiveVersion = 1;
	classes = {
	};
	objectVersion = 46;
	objects = {

/* Begin PBXBuildFile section */
		A52FE69119D28B2800620086 /* main.m in Sources */ = {isa = PBXBuildFile; fileRef = A52FE69019D28B2800620086 /* main.m */; };
		A52FE69419D28B2800620086 /* AppDelegate.m in Sources */ = {isa = PBXBuildFile; fileRef = A52FE69319D28B2800620086 /* AppDelegate.m */; };
		A52FE69719D28B2800620086 /* ViewController.m in Sources */ = {isa = PBXBuildFile; fileRef = A52FE69619D28B2800620086 /* ViewController.m */; };
		A52FE69A19D28B2800620086 /* Main.storyboard in Resources */ = {isa = PBXBuildFile; fileRef = A52FE69819D28B2800620086 /* Main.storyboard */; };
		A52FE69C19D28B2800620086 /* Images.xcassets in Resources */ = {isa = PBXBuildFile; fileRef = A52FE69B19D28B2800620086 /* Images.xcassets */; };
		A52FE6A819D28B2800620086 /* SimpleWeatherTests.m in Sources */ = {isa = PBXBuildFile; fileRef = A52FE6A719D28B2800620086 /* SimpleWeatherTests.m */; };
/* End PBXBuildFile section */

/* Begin PBXContainerItemProxy section */
		A52FE6A219D28B2800620086 /* PBXContainerItemProxy */ = {
			isa = PBXContainerItemProxy;
			containerPortal = A52FE68319D28B2800620086 /* Project object */;
			proxyType = 1;
			remoteGlobalIDString = A52FE68A19D28B2800620086;
			remoteInfo = SimpleWeather;
		};
/* End PBXContainerItemProxy section */

/* Begin PBXFileReference section */
		A52FE68B19D28B2800620086 /* SimpleWeather.app */ = {isa = PBXFileReference; explicitFileType = wrapper.application; includeInIndex = 0; path = SimpleWeather.app; sourceTree = BUILT_PRODUCTS_DIR; };
		A52FE68F19D28B2800620086 /* Info.plist */ = {isa = PBXFileReference; lastKnownFileType = text.plist.xml; path = Info.plist; sourceTree = "<group>"; };
		A52FE69019D28B2800620086 /* main.m */ = {isa = PBXFileReference; lastKnownFileType = sourcecode.c.objc; path = main.m; sourceTree = "<group>"; };
		A52FE69219D28B2800620086 /* AppDelegate.h */ = {isa = PBXFileReference; lastKnownFileType = sourcecode.c.h; path = AppDelegate.h; sourceTree = "<group>"; };
		A52FE69319D28B2800620086 /* AppDelegate.m */ = {isa = PBXFileReference; lastKnownFileType = sourcecode.c.objc; path = AppDelegate.m; sourceTree = "<group>"; };
		A52FE69519D28B2800620086 /* ViewController.h */ = {isa = PBXFileReference; lastKnownFileType = sourcecode.c.h; path = ViewController.h; sourceTree = "<group>"; };
		A52FE69619D28B2800620086 /* ViewController.m */ = {isa = PBXFileReference; lastKnownFileType = sourcecode.c.objc; path = ViewController.m; sourceTree = "<group>"; };
		A52FE69919D28B2800620086 /* Base */ = {isa = PBXFileReference; lastKnownFileType = file.storyboard; name = Base; path = Base.lproj/Main.storyboard; sourceTree = "<group>"; };
		A52FE69B19D28B2800620086 /* Images.xcassets */ = {isa = PBXFileReference; lastKnownFileType = folder.assetcatalog; path = Images.xcassets; sourceTree = "<group>"; };
		A52FE6A119D28B2800620086 /* SimpleWeatherTests.xctest */ = {isa = PBXFileReference; explicitFileType = wrapper.cfbundle; includeInIndex = 0; path = SimpleWeatherTests.xctest; sourceTree = BUILT_PRODUCTS_DIR; };
		A52FE6A619D28B2800620086 /* Info.plist */ = {isa = PBXFileReference; lastKnownFileType = text.plist.xml; path = Info.plist; sourceTree = "<group>"; };
		A52FE6A719D28B2800620086 /* SimpleWeatherTests.m */ = {isa = PBXFileReference; lastKnownFileType = sourcecode.c.objc; path = SimpleWeatherTests.m; sourceTree = "<group>"; };
/* End PBXFileReference section */

/* Begin PBXFrameworksBuildPhase section */
		A52FE68819D28B2800620086 /* Frameworks */ = {
			isa = PBXFrameworksBuildPhase;
			buildActionMask = 2147483647;
			files = (
			);
			runOnlyForDeploymentPostprocessing = 0;
		};
		A52FE69E19D28B2800620086 /* Frameworks */ = {
			isa = PBXFrameworksBuildPhase;
			buildActionMask = 2147483647;
			files = (
			);
			runOnlyForDeploymentPostprocessing = 0;
		};
/* End PBXFrameworksBuildPhase section */

/* Begin PBXGroup section */
		A52FE68219D28B2800620086 = {
			isa = PBXGroup;
			children = (
				A52FE68D19D28B2800620086 /* SimpleWeather */,
				A52FE6A419D28B2800620086 /* SimpleWeatherTests */,
				A52FE68C19D28B2800620086 /* Products */,
			);
			sourceTree = "<group>";
		};
		A52FE68C19D28B2800620086 /* Products */ = {
			isa = PBXGroup;
			children = (
				A52FE68B19D28B2800620086 /* SimpleWeather.app */,
				A52FE6A119D28B2800620086 /* SimpleWeatherTests.xctest */,
			);
			name = Products;
			sourceTree = "<group>";
		};
		A52FE68D19D28B2800620086 /* SimpleWeather */ = {
			isa = PBXGroup;
			children = (
				A52FE69219D28B2800620086 /* AppDelegate.h */,
				A52FE69319D28B2800620086 /* AppDelegate.m */,
				A52FE69519D28B2800620086 /* ViewController.h */,
				A52FE69619D28B2800620086 /* ViewController.m */,
				A52FE69819D28B2800620086 /* Main.storyboard */,
				A52FE69B19D28B2800620086 /* Images.xcassets */,
				A52FE68E19D28B2800620086 /* Supporting Files */,
			);
			path = SimpleWeather;
			sourceTree = "<group>";
		};
		A52FE68E19D28B2800620086 /* Supporting Files */ = {
			isa = PBXGroup;
			children = (
				A52FE68F19D28B2800620086 /* Info.plist */,
				A52FE69019D28B2800620086 /* main.m */,
			);
			name = "Supporting Files";
			sourceTree = "<group>";
		};
		A52FE6A419D28B2800620086 /* SimpleWeatherTests */ = {
			isa = PBXGroup;
			children = (
				A52FE6A719D28B2800620086 /* SimpleWeatherTests.m */,
				A52FE6A519D28B2800620086 /* Supporting Files */,
			);
			path = SimpleWeatherTests;
			sourceTree = "<group>";
		};
		A52FE6A519D28B2800620086 /* Supporting Files */ = {
			isa = PBXGroup;
			children = (
				A52FE6A619D28B2800620086 /* Info.plist */,
			);
			name = "Supporting Files";
			sourceTree = "<group>";
		};
/* End PBXGroup section */

/* Begin PBXNativeTarget section */
		A52FE68A19D28B2800620086 /* SimpleWeather */ = {
			isa = PBXNativeTarget;
			buildConfigurationList = A52FE6AB19D28B2800620086 /* Build configuration list for PBXNativeTarget "SimpleWeather" */;
			buildPhases = (
				A52FE68719D28B2800620086 /* Sources */,
				A52FE68819D28B2800620086 /* Frameworks */,
				A52FE68919D28B2800620086 /* Resources */,
			);
			buildRules = (
			);
			dependencies = (
			);
			name = SimpleWeather;
			productName = SimpleWeather;
			productReference = A52FE68B19D28B2800620086 /* SimpleWeather.app */;
			productType = "com.apple.product-type.application";
		};
		A52FE6A019D28B2800620086 /* SimpleWeatherTests */ = {
			isa = PBXNativeTarget;
			buildConfigurationList = A52FE6AE19D28B2800620086 /* Build configuration list for PBXNativeTarget "SimpleWeatherTests" */;
			buildPhases = (
				A52FE69D19D28B2800620086 /* Sources */,
				A52FE69E19D28B2800620086 /* Frameworks */,
				A52FE69F19D28B2800620086 /* Resources */,
			);
			buildRules = (
			);
			dependencies = (
				A52FE6A319D28B2800620086 /* PBXTargetDependency */,
			);
			name = SimpleWeatherTests;
			productName = SimpleWeatherTests;
			productReference = A52FE6A119D28B2800620086 /* SimpleWeatherTests.xctest */;
			productType = "com.apple.product-type.bundle.unit-test";
		};
/* End PBXNativeTarget section */

/* Begin PBXProject section */
		A52FE68319D28B2800620086 /* Project object */ = {
			isa = PBXProject;
			attributes = {
				LastUpgradeCheck = 0600;
				ORGANIZATIONNAME = "Romaniuk Sergey";
				TargetAttributes = {
					A52FE68A19D28B2800620086 = {
						CreatedOnToolsVersion = 6.0;
					};
					A52FE6A019D28B2800620086 = {
						CreatedOnToolsVersion = 6.0;
						TestTargetID = A52FE68A19D28B2800620086;
					};
				};
			};
			buildConfigurationList = A52FE68619D28B2800620086 /* Build configuration list for PBXProject "SimpleWeather" */;
			compatibilityVersion = "Xcode 3.2";
			developmentRegion = English;
			hasScannedForEncodings = 0;
			knownRegions = (
				en,
				Base,
			);
			mainGroup = A52FE68219D28B2800620086;
			productRefGroup = A52FE68C19D28B2800620086 /* Products */;
			projectDirPath = "";
			projectRoot = "";
			targets = (
				A52FE68A19D28B2800620086 /* SimpleWeather */,
				A52FE6A019D28B2800620086 /* SimpleWeatherTests */,
			);
		};
/* End PBXProject section */

/* Begin PBXResourcesBuildPhase section */
		A52FE68919D28B2800620086 /* Resources */ = {
			isa = PBXResourcesBuildPhase;
			buildActionMask = 2147483647;
			files = (
				A52FE69A19D28B2800620086 /* Main.storyboard in Resources */,
				A52FE69C19D28B2800620086 /* Images.xcassets in Resources */,
			);
			runOnlyForDeploymentPostprocessing = 0;
		};
		A52FE69F19D28B2800620086 /* Resources */ = {
			isa = PBXResourcesBuildPhase;
			buildActionMask = 2147483647;
			files = (
			);
			runOnlyForDeploymentPostprocessing = 0;
		};
/* End PBXResourcesBuildPhase section */

/* Begin PBXSourcesBuildPhase section */
		A52FE68719D28B2800620086 /* Sources */ = {
			isa = PBXSourcesBuildPhase;
			buildActionMask = 2147483647;
			files = (
				A52FE69719D28B2800620086 /* ViewController.m in Sources */,
				A52FE69419D28B2800620086 /* AppDelegate.m in Sources */,
				A52FE69119D28B2800620086 /* main.m in Sources */,
			);
			runOnlyForDeploymentPostprocessing = 0;
		};
		A52FE69D19D28B2800620086 /* Sources */ = {
			isa = PBXSourcesBuildPhase;
			buildActionMask = 2147483647;
			files = (
				A52FE6A819D28B2800620086 /* SimpleWeatherTests.m in Sources */,
			);
			runOnlyForDeploymentPostprocessing = 0;
		};
/* End PBXSourcesBuildPhase section */

/* Begin PBXTargetDependency section */
		A52FE6A319D28B2800620086 /* PBXTargetDependency */ = {
			isa = PBXTargetDependency;
			target = A52FE68A19D28B2800620086 /* SimpleWeather */;
			targetProxy = A52FE6A219D28B2800620086 /* PBXContainerItemProxy */;
		};
/* End PBXTargetDependency section */

/* Begin PBXVariantGroup section */
		A52FE69819D28B2800620086 /* Main.storyboard */ = {
			isa = PBXVariantGroup;
			children = (
				A52FE69919D28B2800620086 /* Base */,
			);
			name = Main.storyboard;
			sourceTree = "<group>";
		};
/* End PBXVariantGroup section */

/* Begin XCBuildConfiguration section */
		A52FE6A919D28B2800620086 /* Debug */ = {
			isa = XCBuildConfiguration;
			buildSettings = {
				ALWAYS_SEARCH_USER_PATHS = NO;
				CLANG_CXX_LANGUAGE_STANDARD = "gnu++0x";
				CLANG_CXX_LIBRARY = "libc++";
				CLANG_ENABLE_MODULES = YES;
				CLANG_ENABLE_OBJC_ARC = YES;
				CLANG_WARN_BOOL_CONVERSION = YES;
				CLANG_WARN_CONSTANT_CONVERSION = YES;
				CLANG_WARN_DIRECT_OBJC_ISA_USAGE = YES_ERROR;
				CLANG_WARN_EMPTY_BODY = YES;
				CLANG_WARN_ENUM_CONVERSION = YES;
				CLANG_WARN_INT_CONVERSION = YES;
				CLANG_WARN_OBJC_ROOT_CLASS = YES_ERROR;
				CLANG_WARN_UNREACHABLE_CODE = YES;
				CLANG_WARN__DUPLICATE_METHOD_MATCH = YES;
				"CODE_SIGN_IDENTITY[sdk=iphoneos*]" = "iPhone Developer";
				COPY_PHASE_STRIP = NO;
				ENABLE_STRICT_OBJC_MSGSEND = YES;
				GCC_C_LANGUAGE_STANDARD = gnu99;
				GCC_DYNAMIC_NO_PIC = NO;
				GCC_OPTIMIZATION_LEVEL = 0;
				GCC_PREPROCESSOR_DEFINITIONS = (
					"DEBUG=1",
					"$(inherited)",
				);
				GCC_SYMBOLS_PRIVATE_EXTERN = NO;
				GCC_WARN_64_TO_32_BIT_CONVERSION = YES;
				GCC_WARN_ABOUT_RETURN_TYPE = YES_ERROR;
				GCC_WARN_UNDECLARED_SELECTOR = YES;
				GCC_WARN_UNINITIALIZED_AUTOS = YES_AGGRESSIVE;
				GCC_WARN_UNUSED_FUNCTION = YES;
				GCC_WARN_UNUSED_VARIABLE = YES;
				IPHONEOS_DEPLOYMENT_TARGET = 8.0;
				MTL_ENABLE_DEBUG_INFO = YES;
				ONLY_ACTIVE_ARCH = YES;
				SDKROOT = iphoneos;
				TARGETED_DEVICE_FAMILY = "1,2";
			};
			name = Debug;
		};
		A52FE6AA19D28B2800620086 /* Release */ = {
			isa = XCBuildConfiguration;
			buildSettings = {
				ALWAYS_SEARCH_USER_PATHS = NO;
				CLANG_CXX_LANGUAGE_STANDARD = "gnu++0x";
				CLANG_CXX_LIBRARY = "libc++";
				CLANG_ENABLE_MODULES = YES;
				CLANG_ENABLE_OBJC_ARC = YES;
				CLANG_WARN_BOOL_CONVERSION = YES;
				CLANG_WARN_CONSTANT_CONVERSION = YES;
				CLANG_WARN_DIRECT_OBJC_ISA_USAGE = YES_ERROR;
				CLANG_WARN_EMPTY_BODY = YES;
				CLANG_WARN_ENUM_CONVERSION = YES;
				CLANG_WARN_INT_CONVERSION = YES;
				CLANG_WARN_OBJC_ROOT_CLASS = YES_ERROR;
				CLANG_WARN_UNREACHABLE_CODE = YES;
				CLANG_WARN__DUPLICATE_METHOD_MATCH = YES;
				"CODE_SIGN_IDENTITY[sdk=iphoneos*]" = "iPhone Developer";
				COPY_PHASE_STRIP = YES;
				ENABLE_NS_ASSERTIONS = NO;
				ENABLE_STRICT_OBJC_MSGSEND = YES;
				GCC_C_LANGUAGE_STANDARD = gnu99;
				GCC_WARN_64_TO_32_BIT_CONVERSION = YES;
				GCC_WARN_ABOUT_RETURN_TYPE = YES_ERROR;
				GCC_WARN_UNDECLARED_SELECTOR = YES;
				GCC_WARN_UNINITIALIZED_AUTOS = YES_AGGRESSIVE;
				GCC_WARN_UNUSED_FUNCTION = YES;
				GCC_WARN_UNUSED_VARIABLE = YES;
				IPHONEOS_DEPLOYMENT_TARGET = 8.0;
				MTL_ENABLE_DEBUG_INFO = NO;
				SDKROOT = iphoneos;
				TARGETED_DEVICE_FAMILY = "1,2";
				VALIDATE_PRODUCT = YES;
			};
			name = Release;
		};
		A52FE6AC19D28B2800620086 /* Debug */ = {
			isa = XCBuildConfiguration;
			buildSettings = {
				ASSETCATALOG_COMPILER_APPICON_NAME = AppIcon;
				ASSETCATALOG_COMPILER_LAUNCHIMAGE_NAME = LaunchImage;
				INFOPLIST_FILE = SimpleWeather/Info.plist;
				LD_RUNPATH_SEARCH_PATHS = "$(inherited) @executable_path/Frameworks";
				PRODUCT_NAME = "$(TARGET_NAME)";
			};
			name = Debug;
		};
		A52FE6AD19D28B2800620086 /* Release */ = {
			isa = XCBuildConfiguration;
			buildSettings = {
				ASSETCATALOG_COMPILER_APPICON_NAME = AppIcon;
				ASSETCATALOG_COMPILER_LAUNCHIMAGE_NAME = LaunchImage;
				INFOPLIST_FILE = SimpleWeather/Info.plist;
				LD_RUNPATH_SEARCH_PATHS = "$(inherited) @executable_path/Frameworks";
				PRODUCT_NAME = "$(TARGET_NAME)";
			};
			name = Release;
		};
		A52FE6AF19D28B2800620086 /* Debug */ = {
			isa = XCBuildConfiguration;
			buildSettings = {
				BUNDLE_LOADER = "$(TEST_HOST)";
				FRAMEWORK_SEARCH_PATHS = (
					"$(SDKROOT)/Developer/Library/Frameworks",
					"$(inherited)",
				);
				GCC_PREPROCESSOR_DEFINITIONS = (
					"DEBUG=1",
					"$(inherited)",
				);
				INFOPLIST_FILE = SimpleWeatherTests/Info.plist;
				LD_RUNPATH_SEARCH_PATHS = "$(inherited) @executable_path/Frameworks @loader_path/Frameworks";
				PRODUCT_NAME = "$(TARGET_NAME)";
				TEST_HOST = "$(BUILT_PRODUCTS_DIR)/SimpleWeather.app/SimpleWeather";
			};
			name = Debug;
		};
		A52FE6B019D28B2800620086 /* Release */ = {
			isa = XCBuildConfiguration;
			buildSettings = {
				BUNDLE_LOADER = "$(TEST_HOST)";
				FRAMEWORK_SEARCH_PATHS = (
					"$(SDKROOT)/Developer/Library/Frameworks",
					"$(inherited)",
				);
				INFOPLIST_FILE = SimpleWeatherTests/Info.plist;
				LD_RUNPATH_SEARCH_PATHS = "$(inherited) @executable_path/Frameworks @loader_path/Frameworks";
				PRODUCT_NAME = "$(TARGET_NAME)";
				TEST_HOST = "$(BUILT_PRODUCTS_DIR)/SimpleWeather.app/SimpleWeather";
			};
			name = Release;
		};
/* End XCBuildConfiguration section */

/* Begin XCConfigurationList section */
		A52FE68619D28B2800620086 /* Build configuration list for PBXProject "SimpleWeather" */ = {
			isa = XCConfigurationList;
			buildConfigurations = (
				A52FE6A919D28B2800620086 /* Debug */,
				A52FE6AA19D28B2800620086 /* Release */,
			);
			defaultConfigurationIsVisible = 0;
			defaultConfigurationName = Release;
		};
		A52FE6AB19D28B2800620086 /* Build configuration list for PBXNativeTarget "SimpleWeather" */ = {
			isa = XCConfigurationList;
			buildConfigurations = (
				A52FE6AC19D28B2800620086 /* Debug */,
				A52FE6AD19D28B2800620086 /* Release */,
			);
			defaultConfigurationIsVisible = 0;
		};
		A52FE6AE19D28B2800620086 /* Build configuration list for PBXNativeTarget "SimpleWeatherTests" */ = {
			isa = XCConfigurationList;
			buildConfigurations = (
				A52FE6AF19D28B2800620086 /* Debug */,
				A52FE6B019D28B2800620086 /* Release */,
			);
			defaultConfigurationIsVisible = 0;
		};
/* End XCConfigurationList section */
	};
	rootObject = A52FE68319D28B2800620086 /* Project object */;
}
